// !$*UTF8*$!
{
	archiveVersion = 1;
	classes = {
	};
	objectVersion = 50;
	objects = {

/* Begin PBXBuildFile section */
		9C9E44742547C1C600FB8BC3 /* main.c in Sources */ = {isa = PBXBuildFile; fileRef = 9C9E44732547C1C600FB8BC3 /* main.c */; };
		9CBE004A2549082C003440D2 /* list_linear.c in Sources */ = {isa = PBXBuildFile; fileRef = 9CBE00492549082C003440D2 /* list_linear.c */; };
		9CFF1649254918FF00BEA17B /* main.c in Sources */ = {isa = PBXBuildFile; fileRef = 9CFF1648254918FF00BEA17B /* main.c */; };
		9CFF1667254919F100BEA17B /* main.c in Sources */ = {isa = PBXBuildFile; fileRef = 9CFF1666254919F100BEA17B /* main.c */; };
		9CFF167825491A4C00BEA17B /* main.c in Sources */ = {isa = PBXBuildFile; fileRef = 9CFF167725491A4C00BEA17B /* main.c */; };
		9CFF168D25491B8200BEA17B /* main.c in Sources */ = {isa = PBXBuildFile; fileRef = 9CFF168C25491B8200BEA17B /* main.c */; };
/* End PBXBuildFile section */

/* Begin PBXCopyFilesBuildPhase section */
		9C9E446E2547C1C600FB8BC3 /* CopyFiles */ = {
			isa = PBXCopyFilesBuildPhase;
			buildActionMask = 2147483647;
			dstPath = /usr/share/man/man1/;
			dstSubfolderSpec = 0;
			files = (
			);
			runOnlyForDeploymentPostprocessing = 1;
		};
		9CFF1644254918FF00BEA17B /* CopyFiles */ = {
			isa = PBXCopyFilesBuildPhase;
			buildActionMask = 2147483647;
			dstPath = /usr/share/man/man1/;
			dstSubfolderSpec = 0;
			files = (
			);
			runOnlyForDeploymentPostprocessing = 1;
		};
		9CFF165A254919D100BEA17B /* CopyFiles */ = {
			isa = PBXCopyFilesBuildPhase;
			buildActionMask = 2147483647;
			dstPath = /usr/share/man/man1/;
			dstSubfolderSpec = 0;
			files = (
			);
			runOnlyForDeploymentPostprocessing = 1;
		};
		9CFF167325491A4C00BEA17B /* CopyFiles */ = {
			isa = PBXCopyFilesBuildPhase;
			buildActionMask = 2147483647;
			dstPath = /usr/share/man/man1/;
			dstSubfolderSpec = 0;
			files = (
			);
			runOnlyForDeploymentPostprocessing = 1;
		};
		9CFF168825491B8200BEA17B /* CopyFiles */ = {
			isa = PBXCopyFilesBuildPhase;
			buildActionMask = 2147483647;
			dstPath = /usr/share/man/man1/;
			dstSubfolderSpec = 0;
			files = (
			);
			runOnlyForDeploymentPostprocessing = 1;
		};
/* End PBXCopyFilesBuildPhase section */

/* Begin PBXFileReference section */
		9C9E44702547C1C600FB8BC3 /* 数据结构和算法 */ = {isa = PBXFileReference; explicitFileType = "compiled.mach-o.executable"; includeInIndex = 0; path = "数据结构和算法"; sourceTree = BUILT_PRODUCTS_DIR; };
		9C9E44732547C1C600FB8BC3 /* main.c */ = {isa = PBXFileReference; lastKnownFileType = sourcecode.c.c; path = main.c; sourceTree = "<group>"; };
		9CBE00482549082C003440D2 /* list_linear.h */ = {isa = PBXFileReference; lastKnownFileType = sourcecode.c.h; path = list_linear.h; sourceTree = "<group>"; };
		9CBE00492549082C003440D2 /* list_linear.c */ = {isa = PBXFileReference; lastKnownFileType = sourcecode.c.c; path = list_linear.c; sourceTree = "<group>"; };
		9CFF1646254918FF00BEA17B /* 数据名词解释 */ = {isa = PBXFileReference; explicitFileType = "compiled.mach-o.executable"; includeInIndex = 0; path = "数据名词解释"; sourceTree = BUILT_PRODUCTS_DIR; };
		9CFF1648254918FF00BEA17B /* main.c */ = {isa = PBXFileReference; lastKnownFileType = sourcecode.c.c; path = main.c; sourceTree = "<group>"; };
		9CFF165C254919D100BEA17B /* 线性表的链式存储 */ = {isa = PBXFileReference; explicitFileType = "compiled.mach-o.executable"; includeInIndex = 0; path = "线性表的链式存储"; sourceTree = BUILT_PRODUCTS_DIR; };
		9CFF1666254919F100BEA17B /* main.c */ = {isa = PBXFileReference; fileEncoding = 4; lastKnownFileType = sourcecode.c.c; path = main.c; sourceTree = "<group>"; };
		9CFF167525491A4C00BEA17B /* 时间复杂度 */ = {isa = PBXFileReference; explicitFileType = "compiled.mach-o.executable"; includeInIndex = 0; path = "时间复杂度"; sourceTree = BUILT_PRODUCTS_DIR; };
		9CFF167725491A4C00BEA17B /* main.c */ = {isa = PBXFileReference; lastKnownFileType = sourcecode.c.c; path = main.c; sourceTree = "<group>"; };
		9CFF168A25491B8200BEA17B /* 循环链表的处理 */ = {isa = PBXFileReference; explicitFileType = "compiled.mach-o.executable"; includeInIndex = 0; path = "循环链表的处理"; sourceTree = BUILT_PRODUCTS_DIR; };
		9CFF168C25491B8200BEA17B /* main.c */ = {isa = PBXFileReference; lastKnownFileType = sourcecode.c.c; path = main.c; sourceTree = "<group>"; };
/* End PBXFileReference section */

/* Begin PBXFrameworksBuildPhase section */
		9C9E446D2547C1C600FB8BC3 /* Frameworks */ = {
			isa = PBXFrameworksBuildPhase;
			buildActionMask = 2147483647;
			files = (
			);
			runOnlyForDeploymentPostprocessing = 0;
		};
		9CFF1643254918FF00BEA17B /* Frameworks */ = {
			isa = PBXFrameworksBuildPhase;
			buildActionMask = 2147483647;
			files = (
			);
			runOnlyForDeploymentPostprocessing = 0;
		};
		9CFF1659254919D100BEA17B /* Frameworks */ = {
			isa = PBXFrameworksBuildPhase;
			buildActionMask = 2147483647;
			files = (
			);
			runOnlyForDeploymentPostprocessing = 0;
		};
		9CFF167225491A4C00BEA17B /* Frameworks */ = {
			isa = PBXFrameworksBuildPhase;
			buildActionMask = 2147483647;
			files = (
			);
			runOnlyForDeploymentPostprocessing = 0;
		};
		9CFF168725491B8200BEA17B /* Frameworks */ = {
			isa = PBXFrameworksBuildPhase;
			buildActionMask = 2147483647;
			files = (
			);
			runOnlyForDeploymentPostprocessing = 0;
		};
/* End PBXFrameworksBuildPhase section */

/* Begin PBXGroup section */
		9C9E44672547C1C600FB8BC3 = {
			isa = PBXGroup;
			children = (
				9C9E44722547C1C600FB8BC3 /* 数据结构和算法 */,
				9CFF1647254918FF00BEA17B /* 数据名词解释 */,
				9CFF165D254919D100BEA17B /* 线性表的链式存储 */,
				9CFF167625491A4C00BEA17B /* 时间复杂度 */,
				9CFF168B25491B8200BEA17B /* 循环链表的处理 */,
				9C9E44712547C1C600FB8BC3 /* Products */,
			);
			sourceTree = "<group>";
		};
		9C9E44712547C1C600FB8BC3 /* Products */ = {
			isa = PBXGroup;
			children = (
				9C9E44702547C1C600FB8BC3 /* 数据结构和算法 */,
				9CFF1646254918FF00BEA17B /* 数据名词解释 */,
				9CFF165C254919D100BEA17B /* 线性表的链式存储 */,
				9CFF167525491A4C00BEA17B /* 时间复杂度 */,
				9CFF168A25491B8200BEA17B /* 循环链表的处理 */,
			);
			name = Products;
			sourceTree = "<group>";
		};
		9C9E44722547C1C600FB8BC3 /* 数据结构和算法 */ = {
			isa = PBXGroup;
			children = (
				9C9E44732547C1C600FB8BC3 /* main.c */,
				9CBE00482549082C003440D2 /* list_linear.h */,
				9CBE00492549082C003440D2 /* list_linear.c */,
			);
			path = "数据结构和算法";
			sourceTree = "<group>";
		};
		9CFF1647254918FF00BEA17B /* 数据名词解释 */ = {
			isa = PBXGroup;
			children = (
				9CFF1648254918FF00BEA17B /* main.c */,
			);
			path = "数据名词解释";
			sourceTree = "<group>";
		};
		9CFF165D254919D100BEA17B /* 线性表的链式存储 */ = {
			isa = PBXGroup;
			children = (
				9CFF1666254919F100BEA17B /* main.c */,
			);
			path = "线性表的链式存储";
			sourceTree = "<group>";
		};
		9CFF167625491A4C00BEA17B /* 时间复杂度 */ = {
			isa = PBXGroup;
			children = (
				9CFF167725491A4C00BEA17B /* main.c */,
			);
			path = "时间复杂度";
			sourceTree = "<group>";
		};
		9CFF168B25491B8200BEA17B /* 循环链表的处理 */ = {
			isa = PBXGroup;
			children = (
				9CFF168C25491B8200BEA17B /* main.c */,
			);
			path = "循环链表的处理";
			sourceTree = "<group>";
		};
/* End PBXGroup section */

/* Begin PBXNativeTarget section */
		9C9E446F2547C1C600FB8BC3 /* 数据结构和算法 */ = {
			isa = PBXNativeTarget;
			buildConfigurationList = 9C9E44772547C1C600FB8BC3 /* Build configuration list for PBXNativeTarget "数据结构和算法" */;
			buildPhases = (
				9C9E446C2547C1C600FB8BC3 /* Sources */,
				9C9E446D2547C1C600FB8BC3 /* Frameworks */,
				9C9E446E2547C1C600FB8BC3 /* CopyFiles */,
			);
			buildRules = (
			);
			dependencies = (
			);
			name = "数据结构和算法";
			productName = "数据结构和算法";
			productReference = 9C9E44702547C1C600FB8BC3 /* 数据结构和算法 */;
			productType = "com.apple.product-type.tool";
		};
		9CFF1645254918FF00BEA17B /* 数据名词解释 */ = {
			isa = PBXNativeTarget;
			buildConfigurationList = 9CFF164C254918FF00BEA17B /* Build configuration list for PBXNativeTarget "数据名词解释" */;
			buildPhases = (
				9CFF1642254918FF00BEA17B /* Sources */,
				9CFF1643254918FF00BEA17B /* Frameworks */,
				9CFF1644254918FF00BEA17B /* CopyFiles */,
			);
			buildRules = (
			);
			dependencies = (
			);
			name = "数据名词解释";
			productName = "数据名词解释";
			productReference = 9CFF1646254918FF00BEA17B /* 数据名词解释 */;
			productType = "com.apple.product-type.tool";
		};
		9CFF165B254919D100BEA17B /* 线性表的链式存储 */ = {
			isa = PBXNativeTarget;
			buildConfigurationList = 9CFF1660254919D100BEA17B /* Build configuration list for PBXNativeTarget "线性表的链式存储" */;
			buildPhases = (
				9CFF1658254919D100BEA17B /* Sources */,
				9CFF1659254919D100BEA17B /* Frameworks */,
				9CFF165A254919D100BEA17B /* CopyFiles */,
			);
			buildRules = (
			);
			dependencies = (
			);
			name = "线性表的链式存储";
			productName = "线性表的链式存储";
			productReference = 9CFF165C254919D100BEA17B /* 线性表的链式存储 */;
			productType = "com.apple.product-type.tool";
		};
		9CFF167425491A4C00BEA17B /* 时间复杂度 */ = {
			isa = PBXNativeTarget;
			buildConfigurationList = 9CFF167925491A4C00BEA17B /* Build configuration list for PBXNativeTarget "时间复杂度" */;
			buildPhases = (
				9CFF167125491A4C00BEA17B /* Sources */,
				9CFF167225491A4C00BEA17B /* Frameworks */,
				9CFF167325491A4C00BEA17B /* CopyFiles */,
			);
			buildRules = (
			);
			dependencies = (
			);
			name = "时间复杂度";
			productName = "时间复杂度";
			productReference = 9CFF167525491A4C00BEA17B /* 时间复杂度 */;
			productType = "com.apple.product-type.tool";
		};
		9CFF168925491B8200BEA17B /* 循环链表的处理 */ = {
			isa = PBXNativeTarget;
			buildConfigurationList = 9CFF168E25491B8200BEA17B /* Build configuration list for PBXNativeTarget "循环链表的处理" */;
			buildPhases = (
				9CFF168625491B8200BEA17B /* Sources */,
				9CFF168725491B8200BEA17B /* Frameworks */,
				9CFF168825491B8200BEA17B /* CopyFiles */,
			);
			buildRules = (
			);
			dependencies = (
			);
			name = "循环链表的处理";
			productName = "循环链表的处理";
			productReference = 9CFF168A25491B8200BEA17B /* 循环链表的处理 */;
			productType = "com.apple.product-type.tool";
		};
/* End PBXNativeTarget section */

/* Begin PBXProject section */
		9C9E44682547C1C600FB8BC3 /* Project object */ = {
			isa = PBXProject;
			attributes = {
				LastUpgradeCheck = 1210;
				TargetAttributes = {
					9C9E446F2547C1C600FB8BC3 = {
						CreatedOnToolsVersion = 12.1;
					};
					9CFF1645254918FF00BEA17B = {
						CreatedOnToolsVersion = 12.1;
					};
					9CFF165B254919D100BEA17B = {
						CreatedOnToolsVersion = 12.1;
					};
					9CFF167425491A4C00BEA17B = {
						CreatedOnToolsVersion = 12.1;
					};
					9CFF168925491B8200BEA17B = {
						CreatedOnToolsVersion = 12.1;
					};
				};
			};
			buildConfigurationList = 9C9E446B2547C1C600FB8BC3 /* Build configuration list for PBXProject "数据结构和算法" */;
			compatibilityVersion = "Xcode 9.3";
			developmentRegion = en;
			hasScannedForEncodings = 0;
			knownRegions = (
				en,
				Base,
			);
			mainGroup = 9C9E44672547C1C600FB8BC3;
			productRefGroup = 9C9E44712547C1C600FB8BC3 /* Products */;
			projectDirPath = "";
			projectRoot = "";
			targets = (
				9C9E446F2547C1C600FB8BC3 /* 数据结构和算法 */,
				9CFF1645254918FF00BEA17B /* 数据名词解释 */,
				9CFF165B254919D100BEA17B /* 线性表的链式存储 */,
				9CFF167425491A4C00BEA17B /* 时间复杂度 */,
				9CFF168925491B8200BEA17B /* 循环链表的处理 */,
			);
		};
/* End PBXProject section */

/* Begin PBXSourcesBuildPhase section */
		9C9E446C2547C1C600FB8BC3 /* Sources */ = {
			isa = PBXSourcesBuildPhase;
			buildActionMask = 2147483647;
			files = (
				9CBE004A2549082C003440D2 /* list_linear.c in Sources */,
				9C9E44742547C1C600FB8BC3 /* main.c in Sources */,
			);
			runOnlyForDeploymentPostprocessing = 0;
		};
		9CFF1642254918FF00BEA17B /* Sources */ = {
			isa = PBXSourcesBuildPhase;
			buildActionMask = 2147483647;
			files = (
				9CFF1649254918FF00BEA17B /* main.c in Sources */,
			);
			runOnlyForDeploymentPostprocessing = 0;
		};
		9CFF1658254919D100BEA17B /* Sources */ = {
			isa = PBXSourcesBuildPhase;
			buildActionMask = 2147483647;
			files = (
				9CFF1667254919F100BEA17B /* main.c in Sources */,
			);
			runOnlyForDeploymentPostprocessing = 0;
		};
		9CFF167125491A4C00BEA17B /* Sources */ = {
			isa = PBXSourcesBuildPhase;
			buildActionMask = 2147483647;
			files = (
				9CFF167825491A4C00BEA17B /* main.c in Sources */,
			);
			runOnlyForDeploymentPostprocessing = 0;
		};
		9CFF168625491B8200BEA17B /* Sources */ = {
			isa = PBXSourcesBuildPhase;
			buildActionMask = 2147483647;
			files = (
				9CFF168D25491B8200BEA17B /* main.c in Sources */,
			);
			runOnlyForDeploymentPostprocessing = 0;
		};
/* End PBXSourcesBuildPhase section */

/* Begin XCBuildConfiguration section */
		9C9E44752547C1C600FB8BC3 /* Debug */ = {
			isa = XCBuildConfiguration;
			buildSettings = {
				ALWAYS_SEARCH_USER_PATHS = NO;
				CLANG_ANALYZER_NONNULL = YES;
				CLANG_ANALYZER_NUMBER_OBJECT_CONVERSION = YES_AGGRESSIVE;
				CLANG_CXX_LANGUAGE_STANDARD = "gnu++14";
				CLANG_CXX_LIBRARY = "libc++";
				CLANG_ENABLE_MODULES = YES;
				CLANG_ENABLE_OBJC_ARC = YES;
				CLANG_ENABLE_OBJC_WEAK = YES;
				CLANG_WARN_BLOCK_CAPTURE_AUTORELEASING = YES;
				CLANG_WARN_BOOL_CONVERSION = YES;
				CLANG_WARN_COMMA = YES;
				CLANG_WARN_CONSTANT_CONVERSION = YES;
				CLANG_WARN_DEPRECATED_OBJC_IMPLEMENTATIONS = YES;
				CLANG_WARN_DIRECT_OBJC_ISA_USAGE = YES_ERROR;
				CLANG_WARN_DOCUMENTATION_COMMENTS = YES;
				CLANG_WARN_EMPTY_BODY = YES;
				CLANG_WARN_ENUM_CONVERSION = YES;
				CLANG_WARN_INFINITE_RECURSION = YES;
				CLANG_WARN_INT_CONVERSION = YES;
				CLANG_WARN_NON_LITERAL_NULL_CONVERSION = YES;
				CLANG_WARN_OBJC_IMPLICIT_RETAIN_SELF = YES;
				CLANG_WARN_OBJC_LITERAL_CONVERSION = YES;
				CLANG_WARN_OBJC_ROOT_CLASS = YES_ERROR;
				CLANG_WARN_QUOTED_INCLUDE_IN_FRAMEWORK_HEADER = YES;
				CLANG_WARN_RANGE_LOOP_ANALYSIS = YES;
				CLANG_WARN_STRICT_PROTOTYPES = YES;
				CLANG_WARN_SUSPICIOUS_MOVE = YES;
				CLANG_WARN_UNGUARDED_AVAILABILITY = YES_AGGRESSIVE;
				CLANG_WARN_UNREACHABLE_CODE = YES;
				CLANG_WARN__DUPLICATE_METHOD_MATCH = YES;
				COPY_PHASE_STRIP = NO;
				DEBUG_INFORMATION_FORMAT = dwarf;
				ENABLE_STRICT_OBJC_MSGSEND = YES;
				ENABLE_TESTABILITY = YES;
				GCC_C_LANGUAGE_STANDARD = gnu11;
				GCC_DYNAMIC_NO_PIC = NO;
				GCC_NO_COMMON_BLOCKS = YES;
				GCC_OPTIMIZATION_LEVEL = 0;
				GCC_PREPROCESSOR_DEFINITIONS = (
					"DEBUG=1",
					"$(inherited)",
				);
				GCC_WARN_64_TO_32_BIT_CONVERSION = YES;
				GCC_WARN_ABOUT_RETURN_TYPE = YES_ERROR;
				GCC_WARN_UNDECLARED_SELECTOR = YES;
				GCC_WARN_UNINITIALIZED_AUTOS = YES_AGGRESSIVE;
				GCC_WARN_UNUSED_FUNCTION = YES;
				GCC_WARN_UNUSED_VARIABLE = YES;
				MACOSX_DEPLOYMENT_TARGET = 10.15;
				MTL_ENABLE_DEBUG_INFO = INCLUDE_SOURCE;
				MTL_FAST_MATH = YES;
				ONLY_ACTIVE_ARCH = YES;
				SDKROOT = macosx;
			};
			name = Debug;
		};
		9C9E44762547C1C600FB8BC3 /* Release */ = {
			isa = XCBuildConfiguration;
			buildSettings = {
				ALWAYS_SEARCH_USER_PATHS = NO;
				CLANG_ANALYZER_NONNULL = YES;
				CLANG_ANALYZER_NUMBER_OBJECT_CONVERSION = YES_AGGRESSIVE;
				CLANG_CXX_LANGUAGE_STANDARD = "gnu++14";
				CLANG_CXX_LIBRARY = "libc++";
				CLANG_ENABLE_MODULES = YES;
				CLANG_ENABLE_OBJC_ARC = YES;
				CLANG_ENABLE_OBJC_WEAK = YES;
				CLANG_WARN_BLOCK_CAPTURE_AUTORELEASING = YES;
				CLANG_WARN_BOOL_CONVERSION = YES;
				CLANG_WARN_COMMA = YES;
				CLANG_WARN_CONSTANT_CONVERSION = YES;
				CLANG_WARN_DEPRECATED_OBJC_IMPLEMENTATIONS = YES;
				CLANG_WARN_DIRECT_OBJC_ISA_USAGE = YES_ERROR;
				CLANG_WARN_DOCUMENTATION_COMMENTS = YES;
				CLANG_WARN_EMPTY_BODY = YES;
				CLANG_WARN_ENUM_CONVERSION = YES;
				CLANG_WARN_INFINITE_RECURSION = YES;
				CLANG_WARN_INT_CONVERSION = YES;
				CLANG_WARN_NON_LITERAL_NULL_CONVERSION = YES;
				CLANG_WARN_OBJC_IMPLICIT_RETAIN_SELF = YES;
				CLANG_WARN_OBJC_LITERAL_CONVERSION = YES;
				CLANG_WARN_OBJC_ROOT_CLASS = YES_ERROR;
				CLANG_WARN_QUOTED_INCLUDE_IN_FRAMEWORK_HEADER = YES;
				CLANG_WARN_RANGE_LOOP_ANALYSIS = YES;
				CLANG_WARN_STRICT_PROTOTYPES = YES;
				CLANG_WARN_SUSPICIOUS_MOVE = YES;
				CLANG_WARN_UNGUARDED_AVAILABILITY = YES_AGGRESSIVE;
				CLANG_WARN_UNREACHABLE_CODE = YES;
				CLANG_WARN__DUPLICATE_METHOD_MATCH = YES;
				COPY_PHASE_STRIP = NO;
				DEBUG_INFORMATION_FORMAT = "dwarf-with-dsym";
				ENABLE_NS_ASSERTIONS = NO;
				ENABLE_STRICT_OBJC_MSGSEND = YES;
				GCC_C_LANGUAGE_STANDARD = gnu11;
				GCC_NO_COMMON_BLOCKS = YES;
				GCC_WARN_64_TO_32_BIT_CONVERSION = YES;
				GCC_WARN_ABOUT_RETURN_TYPE = YES_ERROR;
				GCC_WARN_UNDECLARED_SELECTOR = YES;
				GCC_WARN_UNINITIALIZED_AUTOS = YES_AGGRESSIVE;
				GCC_WARN_UNUSED_FUNCTION = YES;
				GCC_WARN_UNUSED_VARIABLE = YES;
				MACOSX_DEPLOYMENT_TARGET = 10.15;
				MTL_ENABLE_DEBUG_INFO = NO;
				MTL_FAST_MATH = YES;
				SDKROOT = macosx;
			};
			name = Release;
		};
		9C9E44782547C1C600FB8BC3 /* Debug */ = {
			isa = XCBuildConfiguration;
			buildSettings = {
				CODE_SIGN_STYLE = Automatic;
				DEVELOPMENT_TEAM = 9WW38662NQ;
				ENABLE_HARDENED_RUNTIME = YES;
				PRODUCT_NAME = "$(TARGET_NAME)";
			};
			name = Debug;
		};
		9C9E44792547C1C600FB8BC3 /* Release */ = {
			isa = XCBuildConfiguration;
			buildSettings = {
				CODE_SIGN_STYLE = Automatic;
				DEVELOPMENT_TEAM = 9WW38662NQ;
				ENABLE_HARDENED_RUNTIME = YES;
				PRODUCT_NAME = "$(TARGET_NAME)";
			};
			name = Release;
		};
		9CFF164A254918FF00BEA17B /* Debug */ = {
			isa = XCBuildConfiguration;
			buildSettings = {
				CODE_SIGN_STYLE = Automatic;
				DEVELOPMENT_TEAM = 9WW38662NQ;
				ENABLE_HARDENED_RUNTIME = YES;
				PRODUCT_NAME = "$(TARGET_NAME)";
			};
			name = Debug;
		};
		9CFF164B254918FF00BEA17B /* Release */ = {
			isa = XCBuildConfiguration;
			buildSettings = {
				CODE_SIGN_STYLE = Automatic;
				DEVELOPMENT_TEAM = 9WW38662NQ;
				ENABLE_HARDENED_RUNTIME = YES;
				PRODUCT_NAME = "$(TARGET_NAME)";
			};
			name = Release;
		};
		9CFF1661254919D100BEA17B /* Debug */ = {
			isa = XCBuildConfiguration;
			buildSettings = {
				CODE_SIGN_STYLE = Automatic;
				DEVELOPMENT_TEAM = 9WW38662NQ;
				ENABLE_HARDENED_RUNTIME = YES;
				PRODUCT_NAME = "$(TARGET_NAME)";
			};
			name = Debug;
		};
		9CFF1662254919D100BEA17B /* Release */ = {
			isa = XCBuildConfiguration;
			buildSettings = {
				CODE_SIGN_STYLE = Automatic;
				DEVELOPMENT_TEAM = 9WW38662NQ;
				ENABLE_HARDENED_RUNTIME = YES;
				PRODUCT_NAME = "$(TARGET_NAME)";
			};
			name = Release;
		};
		9CFF167A25491A4C00BEA17B /* Debug */ = {
			isa = XCBuildConfiguration;
			buildSettings = {
				CODE_SIGN_STYLE = Automatic;
				DEVELOPMENT_TEAM = 9WW38662NQ;
				ENABLE_HARDENED_RUNTIME = YES;
				PRODUCT_NAME = "$(TARGET_NAME)";
			};
			name = Debug;
		};
		9CFF167B25491A4C00BEA17B /* Release */ = {
			isa = XCBuildConfiguration;
			buildSettings = {
				CODE_SIGN_STYLE = Automatic;
				DEVELOPMENT_TEAM = 9WW38662NQ;
				ENABLE_HARDENED_RUNTIME = YES;
				PRODUCT_NAME = "$(TARGET_NAME)";
			};
			name = Release;
		};
		9CFF168F25491B8200BEA17B /* Debug */ = {
			isa = XCBuildConfiguration;
			buildSettings = {
				CODE_SIGN_STYLE = Automatic;
				DEVELOPMENT_TEAM = 9WW38662NQ;
				ENABLE_HARDENED_RUNTIME = YES;
				PRODUCT_NAME = "$(TARGET_NAME)";
			};
			name = Debug;
		};
		9CFF169025491B8200BEA17B /* Release */ = {
			isa = XCBuildConfiguration;
			buildSettings = {
				CODE_SIGN_STYLE = Automatic;
				DEVELOPMENT_TEAM = 9WW38662NQ;
				ENABLE_HARDENED_RUNTIME = YES;
				PRODUCT_NAME = "$(TARGET_NAME)";
			};
			name = Release;
		};
/* End XCBuildConfiguration section */

/* Begin XCConfigurationList section */
		9C9E446B2547C1C600FB8BC3 /* Build configuration list for PBXProject "数据结构和算法" */ = {
			isa = XCConfigurationList;
			buildConfigurations = (
				9C9E44752547C1C600FB8BC3 /* Debug */,
				9C9E44762547C1C600FB8BC3 /* Release */,
			);
			defaultConfigurationIsVisible = 0;
			defaultConfigurationName = Release;
		};
		9C9E44772547C1C600FB8BC3 /* Build configuration list for PBXNativeTarget "数据结构和算法" */ = {
			isa = XCConfigurationList;
			buildConfigurations = (
				9C9E44782547C1C600FB8BC3 /* Debug */,
				9C9E44792547C1C600FB8BC3 /* Release */,
			);
			defaultConfigurationIsVisible = 0;
			defaultConfigurationName = Release;
		};
		9CFF164C254918FF00BEA17B /* Build configuration list for PBXNativeTarget "数据名词解释" */ = {
			isa = XCConfigurationList;
			buildConfigurations = (
				9CFF164A254918FF00BEA17B /* Debug */,
				9CFF164B254918FF00BEA17B /* Release */,
			);
			defaultConfigurationIsVisible = 0;
			defaultConfigurationName = Release;
		};
		9CFF1660254919D100BEA17B /* Build configuration list for PBXNativeTarget "线性表的链式存储" */ = {
			isa = XCConfigurationList;
			buildConfigurations = (
				9CFF1661254919D100BEA17B /* Debug */,
				9CFF1662254919D100BEA17B /* Release */,
			);
			defaultConfigurationIsVisible = 0;
			defaultConfigurationName = Release;
		};
		9CFF167925491A4C00BEA17B /* Build configuration list for PBXNativeTarget "时间复杂度" */ = {
			isa = XCConfigurationList;
			buildConfigurations = (
				9CFF167A25491A4C00BEA17B /* Debug */,
				9CFF167B25491A4C00BEA17B /* Release */,
			);
			defaultConfigurationIsVisible = 0;
			defaultConfigurationName = Release;
		};
		9CFF168E25491B8200BEA17B /* Build configuration list for PBXNativeTarget "循环链表的处理" */ = {
			isa = XCConfigurationList;
			buildConfigurations = (
				9CFF168F25491B8200BEA17B /* Debug */,
				9CFF169025491B8200BEA17B /* Release */,
			);
			defaultConfigurationIsVisible = 0;
			defaultConfigurationName = Release;
		};
/* End XCConfigurationList section */
	};
	rootObject = 9C9E44682547C1C600FB8BC3 /* Project object */;
}
